{
  "version": 4,
  "terraform_version": "1.14.5",
  "serial": 4,
  "lineage": "411a645b-b700-de3c-ae59-63b0a35c0f8a",
  "outputs": {
    "production_url": {
      "value": "https://tp-devsecops-prod.azurewebsites.net",
      "type": "string"
    }
  },
  "resources": [
    {
      "mode": "managed",
      "type": "azurerm_linux_web_app",
      "name": "app",
      "provider": "provider[\"registry.terraform.io/hashicorp/azurerm\"]",
      "instances": [
        {
          "schema_version": 1,
          "attributes": {
            "app_settings": {
              "DOCKER_REGISTRY_SERVER_PASSWORD": "gldt-F4w_4FHoBrMdsZN3q4hs",
              "DOCKER_REGISTRY_SERVER_URL": "https://registry.gitlab.com",
              "DOCKER_REGISTRY_SERVER_USERNAME": "Deploy-token",
              "WEBSITES_PORT": "3000"
            },
            "auth_settings": [],
            "auth_settings_v2": [],
            "backup": [],
            "client_affinity_enabled": false,
            "client_certificate_enabled": false,
            "client_certificate_exclusion_paths": "",
            "client_certificate_mode": "Required",
            "connection_string": [],
            "custom_domain_verification_id": "D9EBFF2E97E3C57DA50D341529460D14CF24C5D41794D1AEB0366249B6EB8F1A",
            "default_hostname": "tp-devsecops-prod.azurewebsites.net",
            "enabled": true,
            "ftp_publish_basic_authentication_enabled": true,
            "hosting_environment_id": "",
            "https_only": false,
            "id": "/subscriptions/3224a8b0-59d4-4378-bf45-1929b12becb8/resourceGroups/tp-devsecops-rg/providers/Microsoft.Web/sites/tp-devsecops-prod",
            "identity": [],
            "key_vault_reference_identity_id": "SystemAssigned",
            "kind": "app,linux,container",
            "location": "westeurope",
            "logs": [],
            "name": "tp-devsecops-prod",
            "outbound_ip_address_list": [
              "20.54.222.70",
              "20.50.249.133",
              "20.50.253.85",
              "20.50.254.168",
              "52.143.2.59",
              "52.143.4.215",
              "135.236.65.108",
              "132.220.125.135",
              "132.220.79.58",
              "74.178.175.164",
              "132.220.73.158",
              "50.85.185.194",
              "20.8.140.238",
              "20.8.141.8",
              "20.8.141.36",
              "20.8.141.62",
              "20.8.142.237",
              "20.8.142.246",
              "20.105.224.49"
            ],
            "outbound_ip_addresses": "20.54.222.70,20.50.249.133,20.50.253.85,20.50.254.168,52.143.2.59,52.143.4.215,135.236.65.108,132.220.125.135,132.220.79.58,74.178.175.164,132.220.73.158,50.85.185.194,20.8.140.238,20.8.141.8,20.8.141.36,20.8.141.62,20.8.142.237,20.8.142.246,20.105.224.49",
            "possible_outbound_ip_address_list": [
              "20.54.222.70",
              "20.50.249.133",
              "20.50.253.85",
              "20.50.254.168",
              "52.143.2.59",
              "52.143.4.215",
              "135.236.65.108",
              "132.220.125.135",
              "132.220.79.58",
              "74.178.175.164",
              "132.220.73.158",
              "50.85.185.194",
              "20.8.140.238",
              "20.8.141.8",
              "20.8.141.36",
              "20.8.141.62",
              "20.8.142.237",
              "20.8.142.246",
              "20.8.143.95",
              "20.8.140.109",
              "20.61.35.74",
              "20.61.35.136",
              "20.61.37.127",
              "20.61.37.140",
              "20.61.38.21",
              "20.61.38.163",
              "20.54.216.210",
              "20.54.218.236",
              "20.54.220.64",
              "20.54.221.4",
              "52.143.5.37",
              "52.143.6.7",
              "52.143.7.114",
              "52.143.7.189",
              "20.50.24.9",
              "20.50.24.19",
              "20.105.224.49"
            ],
            "possible_outbound_ip_addresses": "20.54.222.70,20.50.249.133,20.50.253.85,20.50.254.168,52.143.2.59,52.143.4.215,135.236.65.108,132.220.125.135,132.220.79.58,74.178.175.164,132.220.73.158,50.85.185.194,20.8.140.238,20.8.141.8,20.8.141.36,20.8.141.62,20.8.142.237,20.8.142.246,20.8.143.95,20.8.140.109,20.61.35.74,20.61.35.136,20.61.37.127,20.61.37.140,20.61.38.21,20.61.38.163,20.54.216.210,20.54.218.236,20.54.220.64,20.54.221.4,52.143.5.37,52.143.6.7,52.143.7.114,52.143.7.189,20.50.24.9,20.50.24.19,20.105.224.49",
            "public_network_access_enabled": true,
            "resource_group_name": "tp-devsecops-rg",
            "service_plan_id": "/subscriptions/3224a8b0-59d4-4378-bf45-1929b12becb8/resourceGroups/tp-devsecops-rg/providers/Microsoft.Web/serverFarms/tp-devsecops-prod-plan",
            "site_config": [
              {
                "always_on": true,
                "api_definition_url": "",
                "api_management_api_id": "",
                "app_command_line": "",
                "application_stack": [
                  {
                    "docker_image": "registry.gitlab.com/simo-zg/tp-devsecops-app",
                    "docker_image_name": "",
                    "docker_image_tag": "latest",
                    "docker_registry_password": "",
                    "docker_registry_url": "",
                    "docker_registry_username": "",
                    "dotnet_version": "",
                    "go_version": "",
                    "java_server": "",
                    "java_server_version": "",
                    "java_version": "",
                    "node_version": "",
                    "php_version": "",
                    "python_version": "",
                    "ruby_version": ""
                  }
                ],
                "auto_heal_enabled": false,
                "auto_heal_setting": [],
                "container_registry_managed_identity_client_id": "",
                "container_registry_use_managed_identity": false,
                "cors": [],
                "default_documents": [
                  "Default.htm",
                  "Default.html",
                  "Default.asp",
                  "index.htm",
                  "index.html",
                  "iisstart.htm",
                  "default.aspx",
                  "index.php",
                  "hostingstart.html"
                ],
                "detailed_error_logging_enabled": false,
                "ftps_state": "Disabled",
                "health_check_eviction_time_in_min": 0,
                "health_check_path": "",
                "http2_enabled": false,
                "ip_restriction": [],
                "ip_restriction_default_action": "Allow",
                "linux_fx_version": "DOCKER|registry.gitlab.com/simo-zg/tp-devsecops-app:latest",
                "load_balancing_mode": "LeastRequests",
                "local_mysql_enabled": false,
                "managed_pipeline_mode": "Integrated",
                "minimum_tls_version": "1.2",
                "remote_debugging_enabled": false,
                "remote_debugging_version": "VS2022",
                "scm_ip_restriction": [],
                "scm_ip_restriction_default_action": "Allow",
                "scm_minimum_tls_version": "1.2",
                "scm_type": "None",
                "scm_use_main_ip_restriction": false,
                "use_32_bit_worker": true,
                "vnet_route_all_enabled": false,
                "websockets_enabled": false,
                "worker_count": 1
              }
            ],
            "site_credential": [
              {
                "name": "$tp-devsecops-prod",
                "password": "3dFGEBkShXSbBvp8o2AWBWEA14bgtYKgBeRffFdtejt54msdfu0tqTn2wZuJ"
              }
            ],
            "sticky_settings": [],
            "storage_account": [],
            "tags": null,
            "timeouts": null,
            "virtual_network_subnet_id": "",
            "webdeploy_publish_basic_authentication_enabled": true,
            "zip_deploy_file": ""
          },
          "sensitive_attributes": [
            [
              {
                "type": "get_attr",
                "value": "app_settings"
              },
              {
                "type": "index",
                "value": {
                  "value": "DOCKER_REGISTRY_SERVER_PASSWORD",
                  "type": "string"
                }
              }
            ],
            [
              {
                "type": "get_attr",
                "value": "app_settings"
              },
              {
                "type": "index",
                "value": {
                  "value": "DOCKER_REGISTRY_SERVER_USERNAME",
                  "type": "string"
                }
              }
            ],
            [
              {
                "type": "get_attr",
                "value": "custom_domain_verification_id"
              }
            ],
            [
              {
                "type": "get_attr",
                "value": "site_config"
              },
              {
                "type": "index",
                "value": {
                  "value": 0,
                  "type": "number"
                }
              },
              {
                "type": "get_attr",
                "value": "application_stack"
              },
              {
                "type": "index",
                "value": {
                  "value": 0,
                  "type": "number"
                }
              },
              {
                "type": "get_attr",
                "value": "docker_registry_password"
              }
            ],
            [
              {
                "type": "get_attr",
                "value": "site_credential"
              }
            ]
          ],
          "identity_schema_version": 0,
          "private": "eyJlMmJmYjczMC1lY2FhLTExZTYtOGY4OC0zNDM2M2JjN2M0YzAiOnsiY3JlYXRlIjoxODAwMDAwMDAwMDAwLCJkZWxldGUiOjE4MDAwMDAwMDAwMDAsInJlYWQiOjMwMDAwMDAwMDAwMCwidXBkYXRlIjoxODAwMDAwMDAwMDAwfSwic2NoZW1hX3ZlcnNpb24iOiIxIn0=",
          "dependencies": [
            "azurerm_resource_group.rg",
            "azurerm_service_plan.plan"
          ]
        }
      ]
    },
    {
      "mode": "managed",
      "type": "azurerm_resource_group",
      "name": "rg",
      "provider": "provider[\"registry.terraform.io/hashicorp/azurerm\"]",
      "instances": [
        {
          "schema_version": 0,
          "attributes": {
            "id": "/subscriptions/3224a8b0-59d4-4378-bf45-1929b12becb8/resourceGroups/tp-devsecops-rg",
            "location": "westeurope",
            "managed_by": "",
            "name": "tp-devsecops-rg",
            "tags": null,
            "timeouts": null
          },
          "sensitive_attributes": [],
          "identity_schema_version": 0,
          "private": "eyJlMmJmYjczMC1lY2FhLTExZTYtOGY4OC0zNDM2M2JjN2M0YzAiOnsiY3JlYXRlIjo1NDAwMDAwMDAwMDAwLCJkZWxldGUiOjU0MDAwMDAwMDAwMDAsInJlYWQiOjMwMDAwMDAwMDAwMCwidXBkYXRlIjo1NDAwMDAwMDAwMDAwfX0="
        }
      ]
    },
    {
      "mode": "managed",
      "type": "azurerm_service_plan",
      "name": "plan",
      "provider": "provider[\"registry.terraform.io/hashicorp/azurerm\"]",
      "instances": [
        {
          "schema_version": 1,
          "attributes": {
            "app_service_environment_id": "",
            "id": "/subscriptions/3224a8b0-59d4-4378-bf45-1929b12becb8/resourceGroups/tp-devsecops-rg/providers/Microsoft.Web/serverFarms/tp-devsecops-prod-plan",
            "kind": "linux",
            "location": "westeurope",
            "maximum_elastic_worker_count": 1,
            "name": "tp-devsecops-prod-plan",
            "os_type": "Linux",
            "per_site_scaling_enabled": false,
            "reserved": true,
            "resource_group_name": "tp-devsecops-rg",
            "sku_name": "B1",
            "tags": null,
            "timeouts": null,
            "worker_count": 1,
            "zone_balancing_enabled": false
          },
          "sensitive_attributes": [],
          "identity_schema_version": 0,
          "private": "eyJlMmJmYjczMC1lY2FhLTExZTYtOGY4OC0zNDM2M2JjN2M0YzAiOnsiY3JlYXRlIjozNjAwMDAwMDAwMDAwLCJkZWxldGUiOjM2MDAwMDAwMDAwMDAsInJlYWQiOjMwMDAwMDAwMDAwMCwidXBkYXRlIjozNjAwMDAwMDAwMDAwfSwic2NoZW1hX3ZlcnNpb24iOiIxIn0=",
          "dependencies": [
            "azurerm_resource_group.rg"
          ]
        }
      ]
    }
  ],
  "check_results": null
}
